{
  "name": "js_refresher_FreeCourse",
  "lockfileVersion": 2,
  "requires": true,
  "packages": {
    "": {
      "devDependencies": {
        "@babel/standalone": "^7.18.5"
      }
    },
    "node_modules/@babel/standalone": {
      "version": "7.18.5",
      "resolved": "https://registry.npmjs.org/@babel/standalone/-/standalone-7.18.5.tgz",
      "integrity": "sha512-3RlzTl3JSvbY1bvaRmuHf3fM2BSy7IbX0zqpVFjsiGO7678KE/LytwvJN+f5MGrarnUFUz2DNcCdetumWdIAKA==",
      "dev": true,
      "engines": {
        "node": ">=6.9.0"
      }
    }
  },
  "dependencies": {
    "@babel/standalone": {
      "version": "7.18.5",
      "resolved": "https://registry.npmjs.org/@babel/standalone/-/standalone-7.18.5.tgz",
      "integrity": "sha512-3RlzTl3JSvbY1bvaRmuHf3fM2BSy7IbX0zqpVFjsiGO7678KE/LytwvJN+f5MGrarnUFUz2DNcCdetumWdIAKA==",
      "dev": true
    }
  }
}
